
Microsoft Visual Studio Solution File, Format Version 12.00
# Visual Studio Version 16
VisualStudioVersion = 16.0.31112.23
MinimumVisualStudioVersion = 10.0.40219.1
Project("{FAE04EC0-301F-11D3-BF4B-00C04F79EFBC}") = "CholoShajiCore", "CholoShajiCore.csproj", "{BACD9BED-FA27-4F3B-9384-397327A8A462}"
EndProject
Global
	GlobalSection(SolutionConfigurationPlatforms) = preSolution
		Debug|Any CPU = Debug|Any CPU
		Release|Any CPU = Release|Any CPU
	EndGlobalSection
	GlobalSection(ProjectConfigurationPlatforms) = postSolution
		{BACD9BED-FA27-4F3B-9384-397327A8A462}.Debug|Any CPU.ActiveCfg = Debug|Any CPU
		{BACD9BED-FA27-4F3B-9384-397327A8A462}.Debug|Any CPU.Build.0 = Debug|Any CPU
		{BACD9BED-FA27-4F3B-9384-397327A8A462}.Release|Any CPU.ActiveCfg = Release|Any CPU
		{BACD9BED-FA27-4F3B-9384-397327A8A462}.Release|Any CPU.Build.0 = Release|Any CPU
	EndGlobalSection
	GlobalSection(SolutionProperties) = preSolution
		HideSolutionNode = FALSE
	EndGlobalSection
	GlobalSection(ExtensibilityGlobals) = postSolution
		SolutionGuid = {6FB1C6E2-0086-4053-B03C-62191753E7ED}
	EndGlobalSection
EndGlobal
